// !$*UTF8*$!
{
	archiveVersion = 1;
	classes = {
	};
	objectVersion = 50;
	objects = {

/* Begin PBXBuildFile section */
		DABB48A223375BB400599437 /* AppDelegate.swift in Sources */ = {isa = PBXBuildFile; fileRef = DABB48A123375BB400599437 /* AppDelegate.swift */; };
		DABB48A423375BB400599437 /* ViewController.swift in Sources */ = {isa = PBXBuildFile; fileRef = DABB48A323375BB400599437 /* ViewController.swift */; };
		DABB48A723375BB400599437 /* Main.storyboard in Resources */ = {isa = PBXBuildFile; fileRef = DABB48A523375BB400599437 /* Main.storyboard */; };
		DABB48A923375BB600599437 /* Assets.xcassets in Resources */ = {isa = PBXBuildFile; fileRef = DABB48A823375BB600599437 /* Assets.xcassets */; };
		DABB48AC23375BB600599437 /* LaunchScreen.storyboard in Resources */ = {isa = PBXBuildFile; fileRef = DABB48AA23375BB600599437 /* LaunchScreen.storyboard */; };
		DABB48B423375BFC00599437 /* 2.JPG in Resources */ = {isa = PBXBuildFile; fileRef = DABB48B323375BFC00599437 /* 2.JPG */; };
		DABB48B723375C1D00599437 /* CustomCell.swift in Sources */ = {isa = PBXBuildFile; fileRef = DABB48B523375C1D00599437 /* CustomCell.swift */; };
		DABB48B823375C1D00599437 /* CustomCell.xib in Resources */ = {isa = PBXBuildFile; fileRef = DABB48B623375C1D00599437 /* CustomCell.xib */; };
/* End PBXBuildFile section */

/* Begin PBXFileReference section */
		DABB489E23375BB400599437 /* List3.app */ = {isa = PBXFileReference; explicitFileType = wrapper.application; includeInIndex = 0; path = List3.app; sourceTree = BUILT_PRODUCTS_DIR; };
		DABB48A123375BB400599437 /* AppDelegate.swift */ = {isa = PBXFileReference; lastKnownFileType = sourcecode.swift; path = AppDelegate.swift; sourceTree = "<group>"; };
		DABB48A323375BB400599437 /* ViewController.swift */ = {isa = PBXFileReference; lastKnownFileType = sourcecode.swift; path = ViewController.swift; sourceTree = "<group>"; };
		DABB48A623375BB400599437 /* Base */ = {isa = PBXFileReference; lastKnownFileType = file.storyboard; name = Base; path = Base.lproj/Main.storyboard; sourceTree = "<group>"; };
		DABB48A823375BB600599437 /* Assets.xcassets */ = {isa = PBXFileReference; lastKnownFileType = folder.assetcatalog; path = Assets.xcassets; sourceTree = "<group>"; };
		DABB48AB23375BB600599437 /* Base */ = {isa = PBXFileReference; lastKnownFileType = file.storyboard; name = Base; path = Base.lproj/LaunchScreen.storyboard; sourceTree = "<group>"; };
		DABB48AD23375BB600599437 /* Info.plist */ = {isa = PBXFileReference; lastKnownFileType = text.plist.xml; path = Info.plist; sourceTree = "<group>"; };
		DABB48B323375BFC00599437 /* 2.JPG */ = {isa = PBXFileReference; lastKnownFileType = image.jpeg; name = 2.JPG; path = ../../List/2.JPG; sourceTree = "<group>"; };
		DABB48B523375C1D00599437 /* CustomCell.swift */ = {isa = PBXFileReference; lastKnownFileType = sourcecode.swift; path = CustomCell.swift; sourceTree = "<group>"; };
		DABB48B623375C1D00599437 /* CustomCell.xib */ = {isa = PBXFileReference; lastKnownFileType = file.xib; path = CustomCell.xib; sourceTree = "<group>"; };
/* End PBXFileReference section */

/* Begin PBXFrameworksBuildPhase section */
		DABB489B23375BB400599437 /* Frameworks */ = {
			isa = PBXFrameworksBuildPhase;
			buildActionMask = 2147483647;
			files = (
			);
			runOnlyForDeploymentPostprocessing = 0;
		};
/* End PBXFrameworksBuildPhase section */

/* Begin PBXGroup section */
		DABB489523375BB300599437 = {
			isa = PBXGroup;
			children = (
				DABB48A023375BB400599437 /* List3 */,
				DABB489F23375BB400599437 /* Products */,
			);
			sourceTree = "<group>";
		};
		DABB489F23375BB400599437 /* Products */ = {
			isa = PBXGroup;
			children = (
				DABB489E23375BB400599437 /* List3.app */,
			);
			name = Products;
			sourceTree = "<group>";
		};
		DABB48A023375BB400599437 /* List3 */ = {
			isa = PBXGroup;
			children = (
				DABB48B323375BFC00599437 /* 2.JPG */,
				DABB48B523375C1D00599437 /* CustomCell.swift */,
				DABB48B623375C1D00599437 /* CustomCell.xib */,
				DABB48A123375BB400599437 /* AppDelegate.swift */,
				DABB48A323375BB400599437 /* ViewController.swift */,
				DABB48A523375BB400599437 /* Main.storyboard */,
				DABB48A823375BB600599437 /* Assets.xcassets */,
				DABB48AA23375BB600599437 /* LaunchScreen.storyboard */,
				DABB48AD23375BB600599437 /* Info.plist */,
			);
			path = List3;
			sourceTree = "<group>";
		};
/* End PBXGroup section */

/* Begin PBXNativeTarget section */
		DABB489D23375BB400599437 /* List3 */ = {
			isa = PBXNativeTarget;
			buildConfigurationList = DABB48B023375BB600599437 /* Build configuration list for PBXNativeTarget "List3" */;
			buildPhases = (
				DABB489A23375BB400599437 /* Sources */,
				DABB489B23375BB400599437 /* Frameworks */,
				DABB489C23375BB400599437 /* Resources */,
			);
			buildRules = (
			);
			dependencies = (
			);
			name = List3;
			productName = List3;
			productReference = DABB489E23375BB400599437 /* List3.app */;
			productType = "com.apple.product-type.application";
		};
/* End PBXNativeTarget section */

/* Begin PBXProject section */
		DABB489623375BB400599437 /* Project object */ = {
			isa = PBXProject;
			attributes = {
				LastSwiftUpdateCheck = 1030;
				LastUpgradeCheck = 1030;
				ORGANIZATIONNAME = yuri;
				TargetAttributes = {
					DABB489D23375BB400599437 = {
						CreatedOnToolsVersion = 10.3;
					};
				};
			};
			buildConfigurationList = DABB489923375BB400599437 /* Build configuration list for PBXProject "List3" */;
			compatibilityVersion = "Xcode 9.3";
			developmentRegion = en;
			hasScannedForEncodings = 0;
			knownRegions = (
				en,
				Base,
			);
			mainGroup = DABB489523375BB300599437;
			productRefGroup = DABB489F23375BB400599437 /* Products */;
			projectDirPath = "";
			projectRoot = "";
			targets = (
				DABB489D23375BB400599437 /* List3 */,
			);
		};
/* End PBXProject section */

/* Begin PBXResourcesBuildPhase section */
		DABB489C23375BB400599437 /* Resources */ = {
			isa = PBXResourcesBuildPhase;
			buildActionMask = 2147483647;
			files = (
				DABB48B823375C1D00599437 /* CustomCell.xib in Resources */,
				DABB48AC23375BB600599437 /* LaunchScreen.storyboard in Resources */,
				DABB48A923375BB600599437 /* Assets.xcassets in Resources */,
				DABB48B423375BFC00599437 /* 2.JPG in Resources */,
				DABB48A723375BB400599437 /* Main.storyboard in Resources */,
			);
			runOnlyForDeploymentPostprocessing = 0;
		};
/* End PBXResourcesBuildPhase section */

/* Begin PBXSourcesBuildPhase section */
		DABB489A23375BB400599437 /* Sources */ = {
			isa = PBXSourcesBuildPhase;
			buildActionMask = 2147483647;
			files = (
				DABB48A423375BB400599437 /* ViewController.swift in Sources */,
				DABB48B723375C1D00599437 /* CustomCell.swift in Sources */,
				DABB48A223375BB400599437 /* AppDelegate.swift in Sources */,
			);
			runOnlyForDeploymentPostprocessing = 0;
		};
/* End PBXSourcesBuildPhase section */

/* Begin PBXVariantGroup section */
		DABB48A523375BB400599437 /* Main.storyboard */ = {
			isa = PBXVariantGroup;
			children = (
				DABB48A623375BB400599437 /* Base */,
			);
			name = Main.storyboard;
			sourceTree = "<group>";
		};
		DABB48AA23375BB600599437 /* LaunchScreen.storyboard */ = {
			isa = PBXVariantGroup;
			children = (
				DABB48AB23375BB600599437 /* Base */,
			);
			name = LaunchScreen.storyboard;
			sourceTree = "<group>";
		};
/* End PBXVariantGroup section */

/* Begin XCBuildConfiguration section */
		DABB48AE23375BB600599437 /* Debug */ = {
			isa = XCBuildConfiguration;
			buildSettings = {
				ALWAYS_SEARCH_USER_PATHS = NO;
				CLANG_ANALYZER_NONNULL = YES;
				CLANG_ANALYZER_NUMBER_OBJECT_CONVERSION = YES_AGGRESSIVE;
				CLANG_CXX_LANGUAGE_STANDARD = "gnu++14";
				CLANG_CXX_LIBRARY = "libc++";
				CLANG_ENABLE_MODULES = YES;
				CLANG_ENABLE_OBJC_ARC = YES;
				CLANG_ENABLE_OBJC_WEAK = YES;
				CLANG_WARN_BLOCK_CAPTURE_AUTORELEASING = YES;
				CLANG_WARN_BOOL_CONVERSION = YES;
				CLANG_WARN_COMMA = YES;
				CLANG_WARN_CONSTANT_CONVERSION = YES;
				CLANG_WARN_DEPRECATED_OBJC_IMPLEMENTATIONS = YES;
				CLANG_WARN_DIRECT_OBJC_ISA_USAGE = YES_ERROR;
				CLANG_WARN_DOCUMENTATION_COMMENTS = YES;
				CLANG_WARN_EMPTY_BODY = YES;
				CLANG_WARN_ENUM_CONVERSION = YES;
				CLANG_WARN_INFINITE_RECURSION = YES;
				CLANG_WARN_INT_CONVERSION = YES;
				CLANG_WARN_NON_LITERAL_NULL_CONVERSION = YES;
				CLANG_WARN_OBJC_IMPLICIT_RETAIN_SELF = YES;
				CLANG_WARN_OBJC_LITERAL_CONVERSION = YES;
				CLANG_WARN_OBJC_ROOT_CLASS = YES_ERROR;
				CLANG_WARN_RANGE_LOOP_ANALYSIS = YES;
				CLANG_WARN_STRICT_PROTOTYPES = YES;
				CLANG_WARN_SUSPICIOUS_MOVE = YES;
				CLANG_WARN_UNGUARDED_AVAILABILITY = YES_AGGRESSIVE;
				CLANG_WARN_UNREACHABLE_CODE = YES;
				CLANG_WARN__DUPLICATE_METHOD_MATCH = YES;
				CODE_SIGN_IDENTITY = "iPhone Developer";
				COPY_PHASE_STRIP = NO;
				DEBUG_INFORMATION_FORMAT = dwarf;
				ENABLE_STRICT_OBJC_MSGSEND = YES;
				ENABLE_TESTABILITY = YES;
				GCC_C_LANGUAGE_STANDARD = gnu11;
				GCC_DYNAMIC_NO_PIC = NO;
				GCC_NO_COMMON_BLOCKS = YES;
				GCC_OPTIMIZATION_LEVEL = 0;
				GCC_PREPROCESSOR_DEFINITIONS = (
					"DEBUG=1",
					"$(inherited)",
				);
				GCC_WARN_64_TO_32_BIT_CONVERSION = YES;
				GCC_WARN_ABOUT_RETURN_TYPE = YES_ERROR;
				GCC_WARN_UNDECLARED_SELECTOR = YES;
				GCC_WARN_UNINITIALIZED_AUTOS = YES_AGGRESSIVE;
				GCC_WARN_UNUSED_FUNCTION = YES;
				GCC_WARN_UNUSED_VARIABLE = YES;
				IPHONEOS_DEPLOYMENT_TARGET = 12.4;
				MTL_ENABLE_DEBUG_INFO = INCLUDE_SOURCE;
				MTL_FAST_MATH = YES;
				ONLY_ACTIVE_ARCH = YES;
				SDKROOT = iphoneos;
				SWIFT_ACTIVE_COMPILATION_CONDITIONS = DEBUG;
				SWIFT_OPTIMIZATION_LEVEL = "-Onone";
			};
			name = Debug;
		};
		DABB48AF23375BB600599437 /* Release */ = {
			isa = XCBuildConfiguration;
			buildSettings = {
				ALWAYS_SEARCH_USER_PATHS = NO;
				CLANG_ANALYZER_NONNULL = YES;
				CLANG_ANALYZER_NUMBER_OBJECT_CONVERSION = YES_AGGRESSIVE;
				CLANG_CXX_LANGUAGE_STANDARD = "gnu++14";
				CLANG_CXX_LIBRARY = "libc++";
				CLANG_ENABLE_MODULES = YES;
				CLANG_ENABLE_OBJC_ARC = YES;
				CLANG_ENABLE_OBJC_WEAK = YES;
				CLANG_WARN_BLOCK_CAPTURE_AUTORELEASING = YES;
				CLANG_WARN_BOOL_CONVERSION = YES;
				CLANG_WARN_COMMA = YES;
				CLANG_WARN_CONSTANT_CONVERSION = YES;
				CLANG_WARN_DEPRECATED_OBJC_IMPLEMENTATIONS = YES;
				CLANG_WARN_DIRECT_OBJC_ISA_USAGE = YES_ERROR;
				CLANG_WARN_DOCUMENTATION_COMMENTS = YES;
				CLANG_WARN_EMPTY_BODY = YES;
				CLANG_WARN_ENUM_CONVERSION = YES;
				CLANG_WARN_INFINITE_RECURSION = YES;
				CLANG_WARN_INT_CONVERSION = YES;
				CLANG_WARN_NON_LITERAL_NULL_CONVERSION = YES;
				CLANG_WARN_OBJC_IMPLICIT_RETAIN_SELF = YES;
				CLANG_WARN_OBJC_LITERAL_CONVERSION = YES;
				CLANG_WARN_OBJC_ROOT_CLASS = YES_ERROR;
				CLANG_WARN_RANGE_LOOP_ANALYSIS = YES;
				CLANG_WARN_STRICT_PROTOTYPES = YES;
				CLANG_WARN_SUSPICIOUS_MOVE = YES;
				CLANG_WARN_UNGUARDED_AVAILABILITY = YES_AGGRESSIVE;
				CLANG_WARN_UNREACHABLE_CODE = YES;
				CLANG_WARN__DUPLICATE_METHOD_MATCH = YES;
				CODE_SIGN_IDENTITY = "iPhone Developer";
				COPY_PHASE_STRIP = NO;
				DEBUG_INFORMATION_FORMAT = "dwarf-with-dsym";
				ENABLE_NS_ASSERTIONS = NO;
				ENABLE_STRICT_OBJC_MSGSEND = YES;
				GCC_C_LANGUAGE_STANDARD = gnu11;
				GCC_NO_COMMON_BLOCKS = YES;
				GCC_WARN_64_TO_32_BIT_CONVERSION = YES;
				GCC_WARN_ABOUT_RETURN_TYPE = YES_ERROR;
				GCC_WARN_UNDECLARED_SELECTOR = YES;
				GCC_WARN_UNINITIALIZED_AUTOS = YES_AGGRESSIVE;
				GCC_WARN_UNUSED_FUNCTION = YES;
				GCC_WARN_UNUSED_VARIABLE = YES;
				IPHONEOS_DEPLOYMENT_TARGET = 12.4;
				MTL_ENABLE_DEBUG_INFO = NO;
				MTL_FAST_MATH = YES;
				SDKROOT = iphoneos;
				SWIFT_COMPILATION_MODE = wholemodule;
				SWIFT_OPTIMIZATION_LEVEL = "-O";
				VALIDATE_PRODUCT = YES;
			};
			name = Release;
		};
		DABB48B123375BB600599437 /* Debug */ = {
			isa = XCBuildConfiguration;
			buildSettings = {
				ASSETCATALOG_COMPILER_APPICON_NAME = AppIcon;
				CODE_SIGN_STYLE = Automatic;
				DEVELOPMENT_TEAM = PJZ92YFF9B;
				INFOPLIST_FILE = List3/Info.plist;
				LD_RUNPATH_SEARCH_PATHS = (
					"$(inherited)",
					"@executable_path/Frameworks",
				);
				PRODUCT_BUNDLE_IDENTIFIER = com.pciosPra.List3;
				PRODUCT_NAME = "$(TARGET_NAME)";
				SWIFT_VERSION = 5.0;
				TARGETED_DEVICE_FAMILY = "1,2";
			};
			name = Debug;
		};
		DABB48B223375BB600599437 /* Release */ = {
			isa = XCBuildConfiguration;
			buildSettings = {
				ASSETCATALOG_COMPILER_APPICON_NAME = AppIcon;
				CODE_SIGN_STYLE = Automatic;
				DEVELOPMENT_TEAM = PJZ92YFF9B;
				INFOPLIST_FILE = List3/Info.plist;
				LD_RUNPATH_SEARCH_PATHS = (
					"$(inherited)",
					"@executable_path/Frameworks",
				);
				PRODUCT_BUNDLE_IDENTIFIER = com.pciosPra.List3;
				PRODUCT_NAME = "$(TARGET_NAME)";
				SWIFT_VERSION = 5.0;
				TARGETED_DEVICE_FAMILY = "1,2";
			};
			name = Release;
		};
/* End XCBuildConfiguration section */

/* Begin XCConfigurationList section */
		DABB489923375BB400599437 /* Build configuration list for PBXProject "List3" */ = {
			isa = XCConfigurationList;
			buildConfigurations = (
				DABB48AE23375BB600599437 /* Debug */,
				DABB48AF23375BB600599437 /* Release */,
			);
			defaultConfigurationIsVisible = 0;
			defaultConfigurationName = Release;
		};
		DABB48B023375BB600599437 /* Build configuration list for PBXNativeTarget "List3" */ = {
			isa = XCConfigurationList;
			buildConfigurations = (
				DABB48B123375BB600599437 /* Debug */,
				DABB48B223375BB600599437 /* Release */,
			);
			defaultConfigurationIsVisible = 0;
			defaultConfigurationName = Release;
		};
/* End XCConfigurationList section */
	};
	rootObject = DABB489623375BB400599437 /* Project object */;
}
